
Microsoft Visual Studio Solution File, Format Version 12.00
# Visual Studio Version 16
VisualStudioVersion = 25.0.1700.0
MinimumVisualStudioVersion = 10.0.40219.1
Project("{FAE04EC0-301F-11D3-BF4B-00C04F79EFBC}") = "orders.api", "orders.api\orders.api.csproj", "{4964D24F-519B-4F17-8056-1A6C9AEA70E0}"
EndProject
Global
	GlobalSection(SolutionConfigurationPlatforms) = preSolution
		Debug|Any CPU = Debug|Any CPU
		Release|Any CPU = Release|Any CPU
	EndGlobalSection
	GlobalSection(ProjectConfigurationPlatforms) = postSolution
		{4964D24F-519B-4F17-8056-1A6C9AEA70E0}.Debug|Any CPU.ActiveCfg = Debug|Any CPU
		{4964D24F-519B-4F17-8056-1A6C9AEA70E0}.Debug|Any CPU.Build.0 = Debug|Any CPU
		{4964D24F-519B-4F17-8056-1A6C9AEA70E0}.Release|Any CPU.ActiveCfg = Release|Any CPU
		{4964D24F-519B-4F17-8056-1A6C9AEA70E0}.Release|Any CPU.Build.0 = Release|Any CPU
	EndGlobalSection
	GlobalSection(SolutionProperties) = preSolution
		HideSolutionNode = FALSE
	EndGlobalSection
	GlobalSection(ExtensibilityGlobals) = postSolution
		SolutionGuid = {A4BD9E31-9242-4EBB-A51B-C0D89AB734AF}
	EndGlobalSection
EndGlobal
